Microsoft Visual Studio Solution File, Format Version 12.00
# Visual Studio Version 17
VisualStudioVersion = 17.5.2.0
MinimumVisualStudioVersion = 10.0.40219.1
Project("{FAE04EC0-301F-11D3-BF4B-00C04F79EFBC}") = "ToDoList.Api", "ToDoList.Api.csproj", "{3D7832A2-8F7B-B76A-F76B-133EE6B89B5F}"
EndProject
Global
	GlobalSection(SolutionConfigurationPlatforms) = preSolution
		Debug|Any CPU = Debug|Any CPU
		Release|Any CPU = Release|Any CPU
	EndGlobalSection
	GlobalSection(ProjectConfigurationPlatforms) = postSolution
		{3D7832A2-8F7B-B76A-F76B-133EE6B89B5F}.Debug|Any CPU.ActiveCfg = Debug|Any CPU
		{3D7832A2-8F7B-B76A-F76B-133EE6B89B5F}.Debug|Any CPU.Build.0 = Debug|Any CPU
		{3D7832A2-8F7B-B76A-F76B-133EE6B89B5F}.Release|Any CPU.ActiveCfg = Release|Any CPU
		{3D7832A2-8F7B-B76A-F76B-133EE6B89B5F}.Release|Any CPU.Build.0 = Release|Any CPU
	EndGlobalSection
	GlobalSection(SolutionProperties) = preSolution
		HideSolutionNode = FALSE
	EndGlobalSection
	GlobalSection(ExtensibilityGlobals) = postSolution
		SolutionGuid = {1E2D7D14-A55D-4F8C-AF97-12D081C24F8B}
	EndGlobalSection
EndGlobal
